
Microsoft Visual Studio Solution File, Format Version 12.00
# Visual Studio 15
Project("{FAE04EC0-301F-11D3-BF4B-00C04F79EFBC}") = "BT Node Editor", "Assembly-CSharp.csproj", "{3AD7D7B8-9711-54AA-CCE4-9D2E11093E4C}"
EndProject
Project("{FAE04EC0-301F-11D3-BF4B-00C04F79EFBC}") = "BT Node Editor", "Assembly-CSharp-Editor.csproj", "{0917FF02-D685-A466-E323-2EE7C0CE4218}"
EndProject
Global
	GlobalSection(SolutionConfigurationPlatforms) = preSolution
		Debug|Any CPU = Debug|Any CPU
		Release|Any CPU = Release|Any CPU
	EndGlobalSection
	GlobalSection(ProjectConfigurationPlatforms) = postSolution
		{3AD7D7B8-9711-54AA-CCE4-9D2E11093E4C}.Debug|Any CPU.ActiveCfg = Debug|Any CPU
		{3AD7D7B8-9711-54AA-CCE4-9D2E11093E4C}.Debug|Any CPU.Build.0 = Debug|Any CPU
		{3AD7D7B8-9711-54AA-CCE4-9D2E11093E4C}.Release|Any CPU.ActiveCfg = Release|Any CPU
		{3AD7D7B8-9711-54AA-CCE4-9D2E11093E4C}.Release|Any CPU.Build.0 = Release|Any CPU
		{0917FF02-D685-A466-E323-2EE7C0CE4218}.Debug|Any CPU.ActiveCfg = Debug|Any CPU
		{0917FF02-D685-A466-E323-2EE7C0CE4218}.Debug|Any CPU.Build.0 = Debug|Any CPU
		{0917FF02-D685-A466-E323-2EE7C0CE4218}.Release|Any CPU.ActiveCfg = Release|Any CPU
		{0917FF02-D685-A466-E323-2EE7C0CE4218}.Release|Any CPU.Build.0 = Release|Any CPU
	EndGlobalSection
	GlobalSection(SolutionProperties) = preSolution
		HideSolutionNode = FALSE
	EndGlobalSection
EndGlobal
